
Microsoft Visual Studio Solution File, Format Version 12.00
# Visual Studio Version 16
VisualStudioVersion = 16.0.31112.23
MinimumVisualStudioVersion = 10.0.40219.1
Project("{FAE04EC0-301F-11D3-BF4B-00C04F79EFBC}") = "BackupOperator", "BackupOperator\BackupOperator.csproj", "{B92A3C17-0FCC-485C-B750-A3227FA0CCFB}"
EndProject
Global
	GlobalSection(SolutionConfigurationPlatforms) = preSolution
		Debug|Any CPU = Debug|Any CPU
		Release|Any CPU = Release|Any CPU
	EndGlobalSection
	GlobalSection(ProjectConfigurationPlatforms) = postSolution
		{B92A3C17-0FCC-485C-B750-A3227FA0CCFB}.Debug|Any CPU.ActiveCfg = Debug|Any CPU
		{B92A3C17-0FCC-485C-B750-A3227FA0CCFB}.Debug|Any CPU.Build.0 = Debug|Any CPU
		{B92A3C17-0FCC-485C-B750-A3227FA0CCFB}.Release|Any CPU.ActiveCfg = Release|Any CPU
		{B92A3C17-0FCC-485C-B750-A3227FA0CCFB}.Release|Any CPU.Build.0 = Release|Any CPU
	EndGlobalSection
	GlobalSection(SolutionProperties) = preSolution
		HideSolutionNode = FALSE
	EndGlobalSection
	GlobalSection(ExtensibilityGlobals) = postSolution
		SolutionGuid = {3B7DC452-B306-45CB-B9EE-E311A3EE26F8}
	EndGlobalSection
EndGlobal
